{
    "_readme": [
        "This file locks the dependencies of your project to a known state",
        "Read more about it at https://getcomposer.org/doc/01-basic-usage.md#installing-dependencies",
        "This file is @generated automatically"
    ],
    "content-hash": "adce50517df13d4589a77bc37c3468b7",
    "packages": [
        {
            "name": "beycanpress/cryptopay-integrator",
            "version": "0.1.1",
            "source": {
                "type": "git",
                "url": "https://github.com/BeycanPress/cryptopay-integrator.git",
                "reference": "5bbd903b3dafb7829daeeb2436ffe099dfb34a7c"
            },
            "dist": {
                "type": "zip",
                "url": "https://api.github.com/repos/BeycanPress/cryptopay-integrator/zipball/5bbd903b3dafb7829daeeb2436ffe099dfb34a7c",
                "reference": "5bbd903b3dafb7829daeeb2436ffe099dfb34a7c",
                "shasum": ""
            },
            "require": {
                "php": ">=8.1"
            },
            "type": "library",
            "autoload": {
                "psr-4": {
                    "BeycanPress\\CryptoPay\\Integrator\\": "src"
                }
            },
            "notification-url": "https://packagist.org/downloads/",
            "license": [
                "MIT"
            ],
            "description": "CryptoPay and CryptoPay Lite integration wrapper",
            "homepage": "https://github.com/BeycanPress/cryptopay-integrator",
            "support": {
                "issues": "https://github.com/BeycanPress/cryptopay-integrator/issues",
                "source": "https://github.com/BeycanPress/cryptopay-integrator/tree/0.1.1"
            },
            "time": "2024-02-28T03:08:28+00:00"
        }
    ],
    "packages-dev": [],
    "aliases": [],
    "minimum-stability": "stable",
    "stability-flags": [],
    "prefer-stable": false,
    "prefer-lowest": false,
    "platform": [],
    "platform-dev": [],
    "plugin-api-version": "2.6.0"
}
